// !$*UTF8*$!
{
	archiveVersion = 1;
	classes = {
	};
	objectVersion = 56;
	objects = {

/* Begin PBXBuildFile section */
		B18271DB2AED9622004861F6 /* restoApp.swift in Sources */ = {isa = PBXBuildFile; fileRef = B18271DA2AED9622004861F6 /* restoApp.swift */; };
		B18271DD2AED9622004861F6 /* ContentView.swift in Sources */ = {isa = PBXBuildFile; fileRef = B18271DC2AED9622004861F6 /* ContentView.swift */; };
		B18271DF2AED9625004861F6 /* Assets.xcassets in Resources */ = {isa = PBXBuildFile; fileRef = B18271DE2AED9625004861F6 /* Assets.xcassets */; };
		B18271E22AED9625004861F6 /* Preview Assets.xcassets in Resources */ = {isa = PBXBuildFile; fileRef = B18271E12AED9625004861F6 /* Preview Assets.xcassets */; };
		B18271EC2AED9625004861F6 /* restoTests.swift in Sources */ = {isa = PBXBuildFile; fileRef = B18271EB2AED9625004861F6 /* restoTests.swift */; };
		B18271F62AED9625004861F6 /* restoUITests.swift in Sources */ = {isa = PBXBuildFile; fileRef = B18271F52AED9625004861F6 /* restoUITests.swift */; };
		B18271F82AED9625004861F6 /* restoUITestsLaunchTests.swift in Sources */ = {isa = PBXBuildFile; fileRef = B18271F72AED9625004861F6 /* restoUITestsLaunchTests.swift */; };
		B18272062AED96BF004861F6 /* RestaurantModel.swift in Sources */ = {isa = PBXBuildFile; fileRef = B18272052AED96BF004861F6 /* RestaurantModel.swift */; };
		B18272082AED96FA004861F6 /* Cuisine.swift in Sources */ = {isa = PBXBuildFile; fileRef = B18272072AED96FA004861F6 /* Cuisine.swift */; };
		B182720D2AED9892004861F6 /* String+Localized.swift in Sources */ = {isa = PBXBuildFile; fileRef = B182720C2AED9892004861F6 /* String+Localized.swift */; };
		B182720F2AED9941004861F6 /* HasName.swift in Sources */ = {isa = PBXBuildFile; fileRef = B182720E2AED9941004861F6 /* HasName.swift */; };
		B18272122AEDAA11004861F6 /* RestaurantDetailView.swift in Sources */ = {isa = PBXBuildFile; fileRef = B18272112AEDAA11004861F6 /* RestaurantDetailView.swift */; };
		B18272142AEDAD6B004861F6 /* StarRating.swift in Sources */ = {isa = PBXBuildFile; fileRef = B18272132AEDAD6B004861F6 /* StarRating.swift */; };
		B18272172AEF5F6B004861F6 /* RestaurantSorterView.swift in Sources */ = {isa = PBXBuildFile; fileRef = B18272162AEF5F6B004861F6 /* RestaurantSorterView.swift */; };
/* End PBXBuildFile section */

/* Begin PBXContainerItemProxy section */
		B18271E82AED9625004861F6 /* PBXContainerItemProxy */ = {
			isa = PBXContainerItemProxy;
			containerPortal = B18271CF2AED9622004861F6 /* Project object */;
			proxyType = 1;
			remoteGlobalIDString = B18271D62AED9622004861F6;
			remoteInfo = resto;
		};
		B18271F22AED9625004861F6 /* PBXContainerItemProxy */ = {
			isa = PBXContainerItemProxy;
			containerPortal = B18271CF2AED9622004861F6 /* Project object */;
			proxyType = 1;
			remoteGlobalIDString = B18271D62AED9622004861F6;
			remoteInfo = resto;
		};
/* End PBXContainerItemProxy section */

/* Begin PBXFileReference section */
		B18271D72AED9622004861F6 /* resto.app */ = {isa = PBXFileReference; explicitFileType = wrapper.application; includeInIndex = 0; path = resto.app; sourceTree = BUILT_PRODUCTS_DIR; };
		B18271DA2AED9622004861F6 /* restoApp.swift */ = {isa = PBXFileReference; lastKnownFileType = sourcecode.swift; path = restoApp.swift; sourceTree = "<group>"; };
		B18271DC2AED9622004861F6 /* ContentView.swift */ = {isa = PBXFileReference; lastKnownFileType = sourcecode.swift; path = ContentView.swift; sourceTree = "<group>"; };
		B18271DE2AED9625004861F6 /* Assets.xcassets */ = {isa = PBXFileReference; lastKnownFileType = folder.assetcatalog; path = Assets.xcassets; sourceTree = "<group>"; };
		B18271E12AED9625004861F6 /* Preview Assets.xcassets */ = {isa = PBXFileReference; lastKnownFileType = folder.assetcatalog; path = "Preview Assets.xcassets"; sourceTree = "<group>"; };
		B18271E72AED9625004861F6 /* restoTests.xctest */ = {isa = PBXFileReference; explicitFileType = wrapper.cfbundle; includeInIndex = 0; path = restoTests.xctest; sourceTree = BUILT_PRODUCTS_DIR; };
		B18271EB2AED9625004861F6 /* restoTests.swift */ = {isa = PBXFileReference; lastKnownFileType = sourcecode.swift; path = restoTests.swift; sourceTree = "<group>"; };
		B18271F12AED9625004861F6 /* restoUITests.xctest */ = {isa = PBXFileReference; explicitFileType = wrapper.cfbundle; includeInIndex = 0; path = restoUITests.xctest; sourceTree = BUILT_PRODUCTS_DIR; };
		B18271F52AED9625004861F6 /* restoUITests.swift */ = {isa = PBXFileReference; lastKnownFileType = sourcecode.swift; path = restoUITests.swift; sourceTree = "<group>"; };
		B18271F72AED9625004861F6 /* restoUITestsLaunchTests.swift */ = {isa = PBXFileReference; lastKnownFileType = sourcecode.swift; path = restoUITestsLaunchTests.swift; sourceTree = "<group>"; };
		B18272052AED96BF004861F6 /* RestaurantModel.swift */ = {isa = PBXFileReference; lastKnownFileType = sourcecode.swift; path = RestaurantModel.swift; sourceTree = "<group>"; };
		B18272072AED96FA004861F6 /* Cuisine.swift */ = {isa = PBXFileReference; lastKnownFileType = sourcecode.swift; path = Cuisine.swift; sourceTree = "<group>"; };
		B182720C2AED9892004861F6 /* String+Localized.swift */ = {isa = PBXFileReference; lastKnownFileType = sourcecode.swift; path = "String+Localized.swift"; sourceTree = "<group>"; };
		B182720E2AED9941004861F6 /* HasName.swift */ = {isa = PBXFileReference; lastKnownFileType = sourcecode.swift; path = HasName.swift; sourceTree = "<group>"; };
		B18272112AEDAA11004861F6 /* RestaurantDetailView.swift */ = {isa = PBXFileReference; lastKnownFileType = sourcecode.swift; path = RestaurantDetailView.swift; sourceTree = "<group>"; };
		B18272132AEDAD6B004861F6 /* StarRating.swift */ = {isa = PBXFileReference; fileEncoding = 4; lastKnownFileType = sourcecode.swift; path = StarRating.swift; sourceTree = "<group>"; };
		B18272162AEF5F6B004861F6 /* RestaurantSorterView.swift */ = {isa = PBXFileReference; lastKnownFileType = sourcecode.swift; path = RestaurantSorterView.swift; sourceTree = "<group>"; };
/* End PBXFileReference section */

/* Begin PBXFrameworksBuildPhase section */
		B18271D42AED9622004861F6 /* Frameworks */ = {
			isa = PBXFrameworksBuildPhase;
			buildActionMask = 2147483647;
			files = (
			);
			runOnlyForDeploymentPostprocessing = 0;
		};
		B18271E42AED9625004861F6 /* Frameworks */ = {
			isa = PBXFrameworksBuildPhase;
			buildActionMask = 2147483647;
			files = (
			);
			runOnlyForDeploymentPostprocessing = 0;
		};
		B18271EE2AED9625004861F6 /* Frameworks */ = {
			isa = PBXFrameworksBuildPhase;
			buildActionMask = 2147483647;
			files = (
			);
			runOnlyForDeploymentPostprocessing = 0;
		};
/* End PBXFrameworksBuildPhase section */

/* Begin PBXGroup section */
		B18271CE2AED9622004861F6 = {
			isa = PBXGroup;
			children = (
				B18271D92AED9622004861F6 /* resto */,
				B18271EA2AED9625004861F6 /* restoTests */,
				B18271F42AED9625004861F6 /* restoUITests */,
				B18271D82AED9622004861F6 /* Products */,
			);
			sourceTree = "<group>";
		};
		B18271D82AED9622004861F6 /* Products */ = {
			isa = PBXGroup;
			children = (
				B18271D72AED9622004861F6 /* resto.app */,
				B18271E72AED9625004861F6 /* restoTests.xctest */,
				B18271F12AED9625004861F6 /* restoUITests.xctest */,
			);
			name = Products;
			sourceTree = "<group>";
		};
		B18271D92AED9622004861F6 /* resto */ = {
			isa = PBXGroup;
			children = (
				B18272152AEF5F4C004861F6 /* restaurant_sorter */,
				B18272102AEDAA01004861F6 /* restaurant_detail */,
				B182720B2AED9885004861F6 /* shared */,
				B18272042AED96AE004861F6 /* restaurant */,
				B18271DA2AED9622004861F6 /* restoApp.swift */,
				B18271DE2AED9625004861F6 /* Assets.xcassets */,
				B18271E02AED9625004861F6 /* Preview Content */,
			);
			path = resto;
			sourceTree = "<group>";
		};
		B18271E02AED9625004861F6 /* Preview Content */ = {
			isa = PBXGroup;
			children = (
				B18271E12AED9625004861F6 /* Preview Assets.xcassets */,
			);
			path = "Preview Content";
			sourceTree = "<group>";
		};
		B18271EA2AED9625004861F6 /* restoTests */ = {
			isa = PBXGroup;
			children = (
				B18271EB2AED9625004861F6 /* restoTests.swift */,
			);
			path = restoTests;
			sourceTree = "<group>";
		};
		B18271F42AED9625004861F6 /* restoUITests */ = {
			isa = PBXGroup;
			children = (
				B18271F52AED9625004861F6 /* restoUITests.swift */,
				B18271F72AED9625004861F6 /* restoUITestsLaunchTests.swift */,
			);
			path = restoUITests;
			sourceTree = "<group>";
		};
		B18272042AED96AE004861F6 /* restaurant */ = {
			isa = PBXGroup;
			children = (
				B18271DC2AED9622004861F6 /* ContentView.swift */,
				B18272052AED96BF004861F6 /* RestaurantModel.swift */,
				B18272072AED96FA004861F6 /* Cuisine.swift */,
			);
			path = restaurant;
			sourceTree = "<group>";
		};
		B182720B2AED9885004861F6 /* shared */ = {
			isa = PBXGroup;
			children = (
				B182720C2AED9892004861F6 /* String+Localized.swift */,
				B182720E2AED9941004861F6 /* HasName.swift */,
			);
			path = shared;
			sourceTree = "<group>";
		};
		B18272102AEDAA01004861F6 /* restaurant_detail */ = {
			isa = PBXGroup;
			children = (
				B18272112AEDAA11004861F6 /* RestaurantDetailView.swift */,
				B18272132AEDAD6B004861F6 /* StarRating.swift */,
			);
			path = restaurant_detail;
			sourceTree = "<group>";
		};
		B18272152AEF5F4C004861F6 /* restaurant_sorter */ = {
			isa = PBXGroup;
			children = (
				B18272162AEF5F6B004861F6 /* RestaurantSorterView.swift */,
			);
			path = restaurant_sorter;
			sourceTree = "<group>";
		};
/* End PBXGroup section */

/* Begin PBXNativeTarget section */
		B18271D62AED9622004861F6 /* resto */ = {
			isa = PBXNativeTarget;
			buildConfigurationList = B18271FB2AED9625004861F6 /* Build configuration list for PBXNativeTarget "resto" */;
			buildPhases = (
				B18271D32AED9622004861F6 /* Sources */,
				B18271D42AED9622004861F6 /* Frameworks */,
				B18271D52AED9622004861F6 /* Resources */,
			);
			buildRules = (
			);
			dependencies = (
			);
			name = resto;
			productName = resto;
			productReference = B18271D72AED9622004861F6 /* resto.app */;
			productType = "com.apple.product-type.application";
		};
		B18271E62AED9625004861F6 /* restoTests */ = {
			isa = PBXNativeTarget;
			buildConfigurationList = B18271FE2AED9625004861F6 /* Build configuration list for PBXNativeTarget "restoTests" */;
			buildPhases = (
				B18271E32AED9625004861F6 /* Sources */,
				B18271E42AED9625004861F6 /* Frameworks */,
				B18271E52AED9625004861F6 /* Resources */,
			);
			buildRules = (
			);
			dependencies = (
				B18271E92AED9625004861F6 /* PBXTargetDependency */,
			);
			name = restoTests;
			productName = restoTests;
			productReference = B18271E72AED9625004861F6 /* restoTests.xctest */;
			productType = "com.apple.product-type.bundle.unit-test";
		};
		B18271F02AED9625004861F6 /* restoUITests */ = {
			isa = PBXNativeTarget;
			buildConfigurationList = B18272012AED9625004861F6 /* Build configuration list for PBXNativeTarget "restoUITests" */;
			buildPhases = (
				B18271ED2AED9625004861F6 /* Sources */,
				B18271EE2AED9625004861F6 /* Frameworks */,
				B18271EF2AED9625004861F6 /* Resources */,
			);
			buildRules = (
			);
			dependencies = (
				B18271F32AED9625004861F6 /* PBXTargetDependency */,
			);
			name = restoUITests;
			productName = restoUITests;
			productReference = B18271F12AED9625004861F6 /* restoUITests.xctest */;
			productType = "com.apple.product-type.bundle.ui-testing";
		};
/* End PBXNativeTarget section */

/* Begin PBXProject section */
		B18271CF2AED9622004861F6 /* Project object */ = {
			isa = PBXProject;
			attributes = {
				BuildIndependentTargetsInParallel = 1;
				LastSwiftUpdateCheck = 1500;
				LastUpgradeCheck = 1500;
				TargetAttributes = {
					B18271D62AED9622004861F6 = {
						CreatedOnToolsVersion = 15.0.1;
					};
					B18271E62AED9625004861F6 = {
						CreatedOnToolsVersion = 15.0.1;
						TestTargetID = B18271D62AED9622004861F6;
					};
					B18271F02AED9625004861F6 = {
						CreatedOnToolsVersion = 15.0.1;
						TestTargetID = B18271D62AED9622004861F6;
					};
				};
			};
			buildConfigurationList = B18271D22AED9622004861F6 /* Build configuration list for PBXProject "resto" */;
			compatibilityVersion = "Xcode 14.0";
			developmentRegion = en;
			hasScannedForEncodings = 0;
			knownRegions = (
				en,
				Base,
			);
			mainGroup = B18271CE2AED9622004861F6;
			productRefGroup = B18271D82AED9622004861F6 /* Products */;
			projectDirPath = "";
			projectRoot = "";
			targets = (
				B18271D62AED9622004861F6 /* resto */,
				B18271E62AED9625004861F6 /* restoTests */,
				B18271F02AED9625004861F6 /* restoUITests */,
			);
		};
/* End PBXProject section */

/* Begin PBXResourcesBuildPhase section */
		B18271D52AED9622004861F6 /* Resources */ = {
			isa = PBXResourcesBuildPhase;
			buildActionMask = 2147483647;
			files = (
				B18271E22AED9625004861F6 /* Preview Assets.xcassets in Resources */,
				B18271DF2AED9625004861F6 /* Assets.xcassets in Resources */,
			);
			runOnlyForDeploymentPostprocessing = 0;
		};
		B18271E52AED9625004861F6 /* Resources */ = {
			isa = PBXResourcesBuildPhase;
			buildActionMask = 2147483647;
			files = (
			);
			runOnlyForDeploymentPostprocessing = 0;
		};
		B18271EF2AED9625004861F6 /* Resources */ = {
			isa = PBXResourcesBuildPhase;
			buildActionMask = 2147483647;
			files = (
			);
			runOnlyForDeploymentPostprocessing = 0;
		};
/* End PBXResourcesBuildPhase section */

/* Begin PBXSourcesBuildPhase section */
		B18271D32AED9622004861F6 /* Sources */ = {
			isa = PBXSourcesBuildPhase;
			buildActionMask = 2147483647;
			files = (
				B18272082AED96FA004861F6 /* Cuisine.swift in Sources */,
				B18272122AEDAA11004861F6 /* RestaurantDetailView.swift in Sources */,
				B18272142AEDAD6B004861F6 /* StarRating.swift in Sources */,
				B182720F2AED9941004861F6 /* HasName.swift in Sources */,
				B18271DD2AED9622004861F6 /* ContentView.swift in Sources */,
				B18272172AEF5F6B004861F6 /* RestaurantSorterView.swift in Sources */,
				B18272062AED96BF004861F6 /* RestaurantModel.swift in Sources */,
				B18271DB2AED9622004861F6 /* restoApp.swift in Sources */,
				B182720D2AED9892004861F6 /* String+Localized.swift in Sources */,
			);
			runOnlyForDeploymentPostprocessing = 0;
		};
		B18271E32AED9625004861F6 /* Sources */ = {
			isa = PBXSourcesBuildPhase;
			buildActionMask = 2147483647;
			files = (
				B18271EC2AED9625004861F6 /* restoTests.swift in Sources */,
			);
			runOnlyForDeploymentPostprocessing = 0;
		};
		B18271ED2AED9625004861F6 /* Sources */ = {
			isa = PBXSourcesBuildPhase;
			buildActionMask = 2147483647;
			files = (
				B18271F82AED9625004861F6 /* restoUITestsLaunchTests.swift in Sources */,
				B18271F62AED9625004861F6 /* restoUITests.swift in Sources */,
			);
			runOnlyForDeploymentPostprocessing = 0;
		};
/* End PBXSourcesBuildPhase section */

/* Begin PBXTargetDependency section */
		B18271E92AED9625004861F6 /* PBXTargetDependency */ = {
			isa = PBXTargetDependency;
			target = B18271D62AED9622004861F6 /* resto */;
			targetProxy = B18271E82AED9625004861F6 /* PBXContainerItemProxy */;
		};
		B18271F32AED9625004861F6 /* PBXTargetDependency */ = {
			isa = PBXTargetDependency;
			target = B18271D62AED9622004861F6 /* resto */;
			targetProxy = B18271F22AED9625004861F6 /* PBXContainerItemProxy */;
		};
/* End PBXTargetDependency section */

/* Begin XCBuildConfiguration section */
		B18271F92AED9625004861F6 /* Debug */ = {
			isa = XCBuildConfiguration;
			buildSettings = {
				ALWAYS_SEARCH_USER_PATHS = NO;
				ASSETCATALOG_COMPILER_GENERATE_SWIFT_ASSET_SYMBOL_EXTENSIONS = YES;
				CLANG_ANALYZER_NONNULL = YES;
				CLANG_ANALYZER_NUMBER_OBJECT_CONVERSION = YES_AGGRESSIVE;
				CLANG_CXX_LANGUAGE_STANDARD = "gnu++20";
				CLANG_ENABLE_MODULES = YES;
				CLANG_ENABLE_OBJC_ARC = YES;
				CLANG_ENABLE_OBJC_WEAK = YES;
				CLANG_WARN_BLOCK_CAPTURE_AUTORELEASING = YES;
				CLANG_WARN_BOOL_CONVERSION = YES;
				CLANG_WARN_COMMA = YES;
				CLANG_WARN_CONSTANT_CONVERSION = YES;
				CLANG_WARN_DEPRECATED_OBJC_IMPLEMENTATIONS = YES;
				CLANG_WARN_DIRECT_OBJC_ISA_USAGE = YES_ERROR;
				CLANG_WARN_DOCUMENTATION_COMMENTS = YES;
				CLANG_WARN_EMPTY_BODY = YES;
				CLANG_WARN_ENUM_CONVERSION = YES;
				CLANG_WARN_INFINITE_RECURSION = YES;
				CLANG_WARN_INT_CONVERSION = YES;
				CLANG_WARN_NON_LITERAL_NULL_CONVERSION = YES;
				CLANG_WARN_OBJC_IMPLICIT_RETAIN_SELF = YES;
				CLANG_WARN_OBJC_LITERAL_CONVERSION = YES;
				CLANG_WARN_OBJC_ROOT_CLASS = YES_ERROR;
				CLANG_WARN_QUOTED_INCLUDE_IN_FRAMEWORK_HEADER = YES;
				CLANG_WARN_RANGE_LOOP_ANALYSIS = YES;
				CLANG_WARN_STRICT_PROTOTYPES = YES;
				CLANG_WARN_SUSPICIOUS_MOVE = YES;
				CLANG_WARN_UNGUARDED_AVAILABILITY = YES_AGGRESSIVE;
				CLANG_WARN_UNREACHABLE_CODE = YES;
				CLANG_WARN__DUPLICATE_METHOD_MATCH = YES;
				COPY_PHASE_STRIP = NO;
				DEBUG_INFORMATION_FORMAT = dwarf;
				ENABLE_STRICT_OBJC_MSGSEND = YES;
				ENABLE_TESTABILITY = YES;
				ENABLE_USER_SCRIPT_SANDBOXING = YES;
				GCC_C_LANGUAGE_STANDARD = gnu17;
				GCC_DYNAMIC_NO_PIC = NO;
				GCC_NO_COMMON_BLOCKS = YES;
				GCC_OPTIMIZATION_LEVEL = 0;
				GCC_PREPROCESSOR_DEFINITIONS = (
					"DEBUG=1",
					"$(inherited)",
				);
				GCC_WARN_64_TO_32_BIT_CONVERSION = YES;
				GCC_WARN_ABOUT_RETURN_TYPE = YES_ERROR;
				GCC_WARN_UNDECLARED_SELECTOR = YES;
				GCC_WARN_UNINITIALIZED_AUTOS = YES_AGGRESSIVE;
				GCC_WARN_UNUSED_FUNCTION = YES;
				GCC_WARN_UNUSED_VARIABLE = YES;
				IPHONEOS_DEPLOYMENT_TARGET = 17.0;
				LOCALIZATION_PREFERS_STRING_CATALOGS = YES;
				MTL_ENABLE_DEBUG_INFO = INCLUDE_SOURCE;
				MTL_FAST_MATH = YES;
				ONLY_ACTIVE_ARCH = YES;
				SDKROOT = iphoneos;
				SWIFT_ACTIVE_COMPILATION_CONDITIONS = "DEBUG $(inherited)";
				SWIFT_OPTIMIZATION_LEVEL = "-Onone";
			};
			name = Debug;
		};
		B18271FA2AED9625004861F6 /* Release */ = {
			isa = XCBuildConfiguration;
			buildSettings = {
				ALWAYS_SEARCH_USER_PATHS = NO;
				ASSETCATALOG_COMPILER_GENERATE_SWIFT_ASSET_SYMBOL_EXTENSIONS = YES;
				CLANG_ANALYZER_NONNULL = YES;
				CLANG_ANALYZER_NUMBER_OBJECT_CONVERSION = YES_AGGRESSIVE;
				CLANG_CXX_LANGUAGE_STANDARD = "gnu++20";
				CLANG_ENABLE_MODULES = YES;
				CLANG_ENABLE_OBJC_ARC = YES;
				CLANG_ENABLE_OBJC_WEAK = YES;
				CLANG_WARN_BLOCK_CAPTURE_AUTORELEASING = YES;
				CLANG_WARN_BOOL_CONVERSION = YES;
				CLANG_WARN_COMMA = YES;
				CLANG_WARN_CONSTANT_CONVERSION = YES;
				CLANG_WARN_DEPRECATED_OBJC_IMPLEMENTATIONS = YES;
				CLANG_WARN_DIRECT_OBJC_ISA_USAGE = YES_ERROR;
				CLANG_WARN_DOCUMENTATION_COMMENTS = YES;
				CLANG_WARN_EMPTY_BODY = YES;
				CLANG_WARN_ENUM_CONVERSION = YES;
				CLANG_WARN_INFINITE_RECURSION = YES;
				CLANG_WARN_INT_CONVERSION = YES;
				CLANG_WARN_NON_LITERAL_NULL_CONVERSION = YES;
				CLANG_WARN_OBJC_IMPLICIT_RETAIN_SELF = YES;
				CLANG_WARN_OBJC_LITERAL_CONVERSION = YES;
				CLANG_WARN_OBJC_ROOT_CLASS = YES_ERROR;
				CLANG_WARN_QUOTED_INCLUDE_IN_FRAMEWORK_HEADER = YES;
				CLANG_WARN_RANGE_LOOP_ANALYSIS = YES;
				CLANG_WARN_STRICT_PROTOTYPES = YES;
				CLANG_WARN_SUSPICIOUS_MOVE = YES;
				CLANG_WARN_UNGUARDED_AVAILABILITY = YES_AGGRESSIVE;
				CLANG_WARN_UNREACHABLE_CODE = YES;
				CLANG_WARN__DUPLICATE_METHOD_MATCH = YES;
				COPY_PHASE_STRIP = NO;
				DEBUG_INFORMATION_FORMAT = "dwarf-with-dsym";
				ENABLE_NS_ASSERTIONS = NO;
				ENABLE_STRICT_OBJC_MSGSEND = YES;
				ENABLE_USER_SCRIPT_SANDBOXING = YES;
				GCC_C_LANGUAGE_STANDARD = gnu17;
				GCC_NO_COMMON_BLOCKS = YES;
				GCC_WARN_64_TO_32_BIT_CONVERSION = YES;
				GCC_WARN_ABOUT_RETURN_TYPE = YES_ERROR;
				GCC_WARN_UNDECLARED_SELECTOR = YES;
				GCC_WARN_UNINITIALIZED_AUTOS = YES_AGGRESSIVE;
				GCC_WARN_UNUSED_FUNCTION = YES;
				GCC_WARN_UNUSED_VARIABLE = YES;
				IPHONEOS_DEPLOYMENT_TARGET = 17.0;
				LOCALIZATION_PREFERS_STRING_CATALOGS = YES;
				MTL_ENABLE_DEBUG_INFO = NO;
				MTL_FAST_MATH = YES;
				SDKROOT = iphoneos;
				SWIFT_COMPILATION_MODE = wholemodule;
				VALIDATE_PRODUCT = YES;
			};
			name = Release;
		};
		B18271FC2AED9625004861F6 /* Debug */ = {
			isa = XCBuildConfiguration;
			buildSettings = {
				ASSETCATALOG_COMPILER_APPICON_NAME = AppIcon;
				ASSETCATALOG_COMPILER_GLOBAL_ACCENT_COLOR_NAME = AccentColor;
				CODE_SIGN_STYLE = Automatic;
				CURRENT_PROJECT_VERSION = 1;
				DEVELOPMENT_ASSET_PATHS = "\"resto/Preview Content\"";
				DEVELOPMENT_TEAM = L9RBVTH4A6;
				ENABLE_PREVIEWS = YES;
				GENERATE_INFOPLIST_FILE = YES;
				INFOPLIST_KEY_UIApplicationSceneManifest_Generation = YES;
				INFOPLIST_KEY_UIApplicationSupportsIndirectInputEvents = YES;
				INFOPLIST_KEY_UILaunchScreen_Generation = YES;
				INFOPLIST_KEY_UISupportedInterfaceOrientations_iPad = "UIInterfaceOrientationPortrait UIInterfaceOrientationPortraitUpsideDown UIInterfaceOrientationLandscapeLeft UIInterfaceOrientationLandscapeRight";
				INFOPLIST_KEY_UISupportedInterfaceOrientations_iPhone = "UIInterfaceOrientationPortrait UIInterfaceOrientationLandscapeLeft UIInterfaceOrientationLandscapeRight";
				LD_RUNPATH_SEARCH_PATHS = (
					"$(inherited)",
					"@executable_path/Frameworks",
				);
				MARKETING_VERSION = 1.0;
				PRODUCT_BUNDLE_IDENTIFIER = io.eclypse.resto;
				PRODUCT_NAME = "$(TARGET_NAME)";
				SWIFT_EMIT_LOC_STRINGS = YES;
				SWIFT_VERSION = 5.0;
				TARGETED_DEVICE_FAMILY = "1,2";
			};
			name = Debug;
		};
		B18271FD2AED9625004861F6 /* Release */ = {
			isa = XCBuildConfiguration;
			buildSettings = {
				ASSETCATALOG_COMPILER_APPICON_NAME = AppIcon;
				ASSETCATALOG_COMPILER_GLOBAL_ACCENT_COLOR_NAME = AccentColor;
				CODE_SIGN_STYLE = Automatic;
				CURRENT_PROJECT_VERSION = 1;
				DEVELOPMENT_ASSET_PATHS = "\"resto/Preview Content\"";
				DEVELOPMENT_TEAM = L9RBVTH4A6;
				ENABLE_PREVIEWS = YES;
				GENERATE_INFOPLIST_FILE = YES;
				INFOPLIST_KEY_UIApplicationSceneManifest_Generation = YES;
				INFOPLIST_KEY_UIApplicationSupportsIndirectInputEvents = YES;
				INFOPLIST_KEY_UILaunchScreen_Generation = YES;
				INFOPLIST_KEY_UISupportedInterfaceOrientations_iPad = "UIInterfaceOrientationPortrait UIInterfaceOrientationPortraitUpsideDown UIInterfaceOrientationLandscapeLeft UIInterfaceOrientationLandscapeRight";
				INFOPLIST_KEY_UISupportedInterfaceOrientations_iPhone = "UIInterfaceOrientationPortrait UIInterfaceOrientationLandscapeLeft UIInterfaceOrientationLandscapeRight";
				LD_RUNPATH_SEARCH_PATHS = (
					"$(inherited)",
					"@executable_path/Frameworks",
				);
				MARKETING_VERSION = 1.0;
				PRODUCT_BUNDLE_IDENTIFIER = io.eclypse.resto;
				PRODUCT_NAME = "$(TARGET_NAME)";
				SWIFT_EMIT_LOC_STRINGS = YES;
				SWIFT_VERSION = 5.0;
				TARGETED_DEVICE_FAMILY = "1,2";
			};
			name = Release;
		};
		B18271FF2AED9625004861F6 /* Debug */ = {
			isa = XCBuildConfiguration;
			buildSettings = {
				ALWAYS_EMBED_SWIFT_STANDARD_LIBRARIES = YES;
				BUNDLE_LOADER = "$(TEST_HOST)";
				CODE_SIGN_STYLE = Automatic;
				CURRENT_PROJECT_VERSION = 1;
				DEVELOPMENT_TEAM = L9RBVTH4A6;
				GENERATE_INFOPLIST_FILE = YES;
				IPHONEOS_DEPLOYMENT_TARGET = 17.0;
				MARKETING_VERSION = 1.0;
				PRODUCT_BUNDLE_IDENTIFIER = io.eclypse.restoTests;
				PRODUCT_NAME = "$(TARGET_NAME)";
				SWIFT_EMIT_LOC_STRINGS = NO;
				SWIFT_VERSION = 5.0;
				TARGETED_DEVICE_FAMILY = "1,2";
				TEST_HOST = "$(BUILT_PRODUCTS_DIR)/resto.app/$(BUNDLE_EXECUTABLE_FOLDER_PATH)/resto";
			};
			name = Debug;
		};
		B18272002AED9625004861F6 /* Release */ = {
			isa = XCBuildConfiguration;
			buildSettings = {
				ALWAYS_EMBED_SWIFT_STANDARD_LIBRARIES = YES;
				BUNDLE_LOADER = "$(TEST_HOST)";
				CODE_SIGN_STYLE = Automatic;
				CURRENT_PROJECT_VERSION = 1;
				DEVELOPMENT_TEAM = L9RBVTH4A6;
				GENERATE_INFOPLIST_FILE = YES;
				IPHONEOS_DEPLOYMENT_TARGET = 17.0;
				MARKETING_VERSION = 1.0;
				PRODUCT_BUNDLE_IDENTIFIER = io.eclypse.restoTests;
				PRODUCT_NAME = "$(TARGET_NAME)";
				SWIFT_EMIT_LOC_STRINGS = NO;
				SWIFT_VERSION = 5.0;
				TARGETED_DEVICE_FAMILY = "1,2";
				TEST_HOST = "$(BUILT_PRODUCTS_DIR)/resto.app/$(BUNDLE_EXECUTABLE_FOLDER_PATH)/resto";
			};
			name = Release;
		};
		B18272022AED9625004861F6 /* Debug */ = {
			isa = XCBuildConfiguration;
			buildSettings = {
				ALWAYS_EMBED_SWIFT_STANDARD_LIBRARIES = YES;
				CODE_SIGN_STYLE = Automatic;
				CURRENT_PROJECT_VERSION = 1;
				DEVELOPMENT_TEAM = L9RBVTH4A6;
				GENERATE_INFOPLIST_FILE = YES;
				MARKETING_VERSION = 1.0;
				PRODUCT_BUNDLE_IDENTIFIER = io.eclypse.restoUITests;
				PRODUCT_NAME = "$(TARGET_NAME)";
				SWIFT_EMIT_LOC_STRINGS = NO;
				SWIFT_VERSION = 5.0;
				TARGETED_DEVICE_FAMILY = "1,2";
				TEST_TARGET_NAME = resto;
			};
			name = Debug;
		};
		B18272032AED9625004861F6 /* Release */ = {
			isa = XCBuildConfiguration;
			buildSettings = {
				ALWAYS_EMBED_SWIFT_STANDARD_LIBRARIES = YES;
				CODE_SIGN_STYLE = Automatic;
				CURRENT_PROJECT_VERSION = 1;
				DEVELOPMENT_TEAM = L9RBVTH4A6;
				GENERATE_INFOPLIST_FILE = YES;
				MARKETING_VERSION = 1.0;
				PRODUCT_BUNDLE_IDENTIFIER = io.eclypse.restoUITests;
				PRODUCT_NAME = "$(TARGET_NAME)";
				SWIFT_EMIT_LOC_STRINGS = NO;
				SWIFT_VERSION = 5.0;
				TARGETED_DEVICE_FAMILY = "1,2";
				TEST_TARGET_NAME = resto;
			};
			name = Release;
		};
/* End XCBuildConfiguration section */

/* Begin XCConfigurationList section */
		B18271D22AED9622004861F6 /* Build configuration list for PBXProject "resto" */ = {
			isa = XCConfigurationList;
			buildConfigurations = (
				B18271F92AED9625004861F6 /* Debug */,
				B18271FA2AED9625004861F6 /* Release */,
			);
			defaultConfigurationIsVisible = 0;
			defaultConfigurationName = Release;
		};
		B18271FB2AED9625004861F6 /* Build configuration list for PBXNativeTarget "resto" */ = {
			isa = XCConfigurationList;
			buildConfigurations = (
				B18271FC2AED9625004861F6 /* Debug */,
				B18271FD2AED9625004861F6 /* Release */,
			);
			defaultConfigurationIsVisible = 0;
			defaultConfigurationName = Release;
		};
		B18271FE2AED9625004861F6 /* Build configuration list for PBXNativeTarget "restoTests" */ = {
			isa = XCConfigurationList;
			buildConfigurations = (
				B18271FF2AED9625004861F6 /* Debug */,
				B18272002AED9625004861F6 /* Release */,
			);
			defaultConfigurationIsVisible = 0;
			defaultConfigurationName = Release;
		};
		B18272012AED9625004861F6 /* Build configuration list for PBXNativeTarget "restoUITests" */ = {
			isa = XCConfigurationList;
			buildConfigurations = (
				B18272022AED9625004861F6 /* Debug */,
				B18272032AED9625004861F6 /* Release */,
			);
			defaultConfigurationIsVisible = 0;
			defaultConfigurationName = Release;
		};
/* End XCConfigurationList section */
	};
	rootObject = B18271CF2AED9622004861F6 /* Project object */;
}
